
Microsoft Visual Studio Solution File, Format Version 12.00
# Visual Studio Version 17
VisualStudioVersion = 17.5.33516.290
MinimumVisualStudioVersion = 10.0.40219.1
Project("{FAE04EC0-301F-11D3-BF4B-00C04F79EFBC}") = "SecondAPI", "SecondAPI\SecondAPI.csproj", "{5AD71D9F-4507-4A51-9EDC-779AB271B235}"
EndProject
Global
	GlobalSection(SolutionConfigurationPlatforms) = preSolution
		Debug|Any CPU = Debug|Any CPU
		Release|Any CPU = Release|Any CPU
	EndGlobalSection
	GlobalSection(ProjectConfigurationPlatforms) = postSolution
		{5AD71D9F-4507-4A51-9EDC-779AB271B235}.Debug|Any CPU.ActiveCfg = Debug|Any CPU
		{5AD71D9F-4507-4A51-9EDC-779AB271B235}.Debug|Any CPU.Build.0 = Debug|Any CPU
		{5AD71D9F-4507-4A51-9EDC-779AB271B235}.Release|Any CPU.ActiveCfg = Release|Any CPU
		{5AD71D9F-4507-4A51-9EDC-779AB271B235}.Release|Any CPU.Build.0 = Release|Any CPU
	EndGlobalSection
	GlobalSection(SolutionProperties) = preSolution
		HideSolutionNode = FALSE
	EndGlobalSection
	GlobalSection(ExtensibilityGlobals) = postSolution
		SolutionGuid = {F308DFBF-6C0F-42FE-BBCD-58CAB3F0308D}
	EndGlobalSection
EndGlobal
